PODS:
  - Alamofire (5.2.0)
  - ObjectMapper (3.5.3)
  - SkeletonView (1.12.1)

DEPENDENCIES:
  - Alamofire (~> 5.2)
  - ObjectMapper (~> 3.5)
  - SkeletonView

SPEC REPOS:
  trunk:
    - Alamofire
    - ObjectMapper
    - SkeletonView

SPEC CHECKSUMS:
  Alamofire: c1ca147559e730bfb2182c8c7aafbdd90a867987
  ObjectMapper: 97111c97e054a6ee25917662106689f0b4127b37
  SkeletonView: c3c2ac84cbcb96ddb13d518c9e88f9f5ee589da9

PODFILE CHECKSUM: b1ab64ea754127fa885fe9686a76007ef4ef51ff

COCOAPODS: 1.9.3
